
Microsoft Visual Studio Solution File, Format Version 12.00
# Visual Studio Version 17
VisualStudioVersion = 17.0.31903.59
MinimumVisualStudioVersion = 10.0.40219.1
Project("{9A19103F-16F7-4668-BE54-9A1E7A4F7556}") = "WeatherService.Api", "WeatherService\WeatherService.Api.csproj", "{A378B581-A9B5-4C43-8D75-7ABC1C93AA34}"
EndProject
Project("{2150E333-8FDC-42A3-9474-1A3956D46DE8}") = "00. Subject Under Test", "00. Subject Under Test", "{3C961FB7-81D4-43CD-B058-46798E4EC034}"
EndProject
Project("{2150E333-8FDC-42A3-9474-1A3956D46DE8}") = "10. Unit Testing Core", "10. Unit Testing Core", "{2039141E-F4F7-4D47-B6B7-B949AFF2499E}"
EndProject
Project("{9A19103F-16F7-4668-BE54-9A1E7A4F7556}") = "WeatherService.Testing.Unit.Core", "WeatherService.Testing.Unit.Core\WeatherService.Testing.Unit.Core.csproj", "{7C84697C-A46A-4DD4-947D-7BF799E59457}"
EndProject
Project("{9A19103F-16F7-4668-BE54-9A1E7A4F7556}") = "WeatherService.Core", "WeatherService.Core\WeatherService.Core.csproj", "{F040E526-49A8-4DAE-8B48-31568DD9DCB1}"
EndProject
Project("{2150E333-8FDC-42A3-9474-1A3956D46DE8}") = "90. Solution Items", "90. Solution Items", "{E1A6BFEE-4C2F-47B4-86EB-B74303465598}"
	ProjectSection(SolutionItems) = preProject
		Agenda.md = Agenda.md
		Directory.Build.props = Directory.Build.props
	EndProjectSection
EndProject
Project("{9A19103F-16F7-4668-BE54-9A1E7A4F7556}") = "WeatherService.Migrations", "WeatherService.Migrations\WeatherService.Migrations.csproj", "{DF8934C7-06B5-4567-9EB5-0E6A79C345B3}"
EndProject
Project("{2150E333-8FDC-42A3-9474-1A3956D46DE8}") = "60. Integration Testing EF Core Configuration", "60. Integration Testing EF Core Configuration", "{23B14940-C30D-4E51-9FC3-DC4FA1145329}"
EndProject
Project("{9A19103F-16F7-4668-BE54-9A1E7A4F7556}") = "WeatherService.Testing.Integration.EfCoreConfig", "WeatherService.Testing.Integration.EfCoreConfig\WeatherService.Testing.Integration.EfCoreConfig.csproj", "{6D44D62A-1859-4252-B7F4-64513E418859}"
EndProject
Project("{2150E333-8FDC-42A3-9474-1A3956D46DE8}") = "40. Unit Testing Controllers", "40. Unit Testing Controllers", "{5FD6D73B-78A3-4F5B-9FBC-91108623DE92}"
EndProject
Project("{9A19103F-16F7-4668-BE54-9A1E7A4F7556}") = "WeatherService.Testing.Unit.Controllers", "WeatherService.Testing.Unit.Controllers\WeatherService.Testing.Unit.Controllers.csproj", "{40CF69E5-4D7B-4278-AF9C-29BB4972D728}"
EndProject
Project("{2150E333-8FDC-42A3-9474-1A3956D46DE8}") = "50. Integration Testing Core", "50. Integration Testing Core", "{FA8F4CDC-FA9B-41B5-A3A2-2E715D022F77}"
EndProject
Project("{9A19103F-16F7-4668-BE54-9A1E7A4F7556}") = "WeatherService.Testing.Integration.Core", "WeatherService.Testing.Integration.Core\WeatherService.Testing.Integration.Core.csproj", "{5C2FA5C3-4F6D-4400-8C14-223477820630}"
EndProject
Project("{9A19103F-16F7-4668-BE54-9A1E7A4F7556}") = "WeatherService.Representation", "WeatherService.Representation\WeatherService.Representation.csproj", "{CAD94CF5-1C89-4302-80CF-BDAADBB21A07}"
EndProject
Project("{2150E333-8FDC-42A3-9474-1A3956D46DE8}") = "30. Unit Testing Service Registrations", "30. Unit Testing Service Registrations", "{A434D2CE-9A80-46F6-BAE2-124CD9E2B163}"
EndProject
Project("{9A19103F-16F7-4668-BE54-9A1E7A4F7556}") = "WeatherService.Testing.ServiceRegistrations", "WeatherService.Testing.ServiceRegistrations\WeatherService.Testing.ServiceRegistrations.csproj", "{D112CB86-7DE5-46D9-91E9-43732F31C3AD}"
EndProject
Project("{9A19103F-16F7-4668-BE54-9A1E7A4F7556}") = "WeatherService.Testing.Integration.Seeding", "WeatherService.Testing.Integration.MissingIndexes\WeatherService.Testing.Integration.Seeding.csproj", "{FF97041A-9C6C-4D89-BECF-120A82C44050}"
EndProject
Project("{9A19103F-16F7-4668-BE54-9A1E7A4F7556}") = "WeatherService.Testing.Unit.Features", "WeatherService.Testing.Unit.Features\WeatherService.Testing.Unit.Features.csproj", "{66561488-A8D7-421F-9E78-6FB1AF6E6E5B}"
EndProject
Project("{2150E333-8FDC-42A3-9474-1A3956D46DE8}") = "20. Unit Testing Features", "20. Unit Testing Features", "{4A193E8B-30C7-4F6C-9959-362A27E464E3}"
EndProject
Project("{2150E333-8FDC-42A3-9474-1A3956D46DE8}") = "80. Integration Testing Seeding", "80. Integration Testing Seeding", "{80644C5A-6B71-4EDB-974C-20AD3F6D9265}"
EndProject
Project("{2150E333-8FDC-42A3-9474-1A3956D46DE8}") = "70. Integration Testing Features", "70. Integration Testing Features", "{D428BAC5-9DE6-497F-B8CB-1131A45299E1}"
EndProject
Project("{9A19103F-16F7-4668-BE54-9A1E7A4F7556}") = "WeatherService.Testing.Integration.Features", "WeatherService.Testing.Integration.Features\WeatherService.Testing.Integration.Features.csproj", "{08295E82-D08B-42FF-A568-6A645618F49E}"
EndProject
Project("{2150E333-8FDC-42A3-9474-1A3956D46DE8}") = "Solution Items", "Solution Items", "{E0975B7A-AED6-4D05-9B2F-95FF583CD1D4}"
	ProjectSection(SolutionItems) = preProject
		..\Demo.md = ..\Demo.md
	EndProjectSection
EndProject
Global
	GlobalSection(SolutionConfigurationPlatforms) = preSolution
		Debug|Any CPU = Debug|Any CPU
		Release|Any CPU = Release|Any CPU
	EndGlobalSection
	GlobalSection(ProjectConfigurationPlatforms) = postSolution
		{A378B581-A9B5-4C43-8D75-7ABC1C93AA34}.Debug|Any CPU.ActiveCfg = Debug|Any CPU
		{A378B581-A9B5-4C43-8D75-7ABC1C93AA34}.Debug|Any CPU.Build.0 = Debug|Any CPU
		{A378B581-A9B5-4C43-8D75-7ABC1C93AA34}.Release|Any CPU.ActiveCfg = Release|Any CPU
		{A378B581-A9B5-4C43-8D75-7ABC1C93AA34}.Release|Any CPU.Build.0 = Release|Any CPU
		{7C84697C-A46A-4DD4-947D-7BF799E59457}.Debug|Any CPU.ActiveCfg = Debug|Any CPU
		{7C84697C-A46A-4DD4-947D-7BF799E59457}.Debug|Any CPU.Build.0 = Debug|Any CPU
		{7C84697C-A46A-4DD4-947D-7BF799E59457}.Release|Any CPU.ActiveCfg = Release|Any CPU
		{7C84697C-A46A-4DD4-947D-7BF799E59457}.Release|Any CPU.Build.0 = Release|Any CPU
		{F040E526-49A8-4DAE-8B48-31568DD9DCB1}.Debug|Any CPU.ActiveCfg = Debug|Any CPU
		{F040E526-49A8-4DAE-8B48-31568DD9DCB1}.Debug|Any CPU.Build.0 = Debug|Any CPU
		{F040E526-49A8-4DAE-8B48-31568DD9DCB1}.Release|Any CPU.ActiveCfg = Release|Any CPU
		{F040E526-49A8-4DAE-8B48-31568DD9DCB1}.Release|Any CPU.Build.0 = Release|Any CPU
		{DF8934C7-06B5-4567-9EB5-0E6A79C345B3}.Debug|Any CPU.ActiveCfg = Debug|Any CPU
		{DF8934C7-06B5-4567-9EB5-0E6A79C345B3}.Debug|Any CPU.Build.0 = Debug|Any CPU
		{DF8934C7-06B5-4567-9EB5-0E6A79C345B3}.Release|Any CPU.ActiveCfg = Release|Any CPU
		{DF8934C7-06B5-4567-9EB5-0E6A79C345B3}.Release|Any CPU.Build.0 = Release|Any CPU
		{6D44D62A-1859-4252-B7F4-64513E418859}.Debug|Any CPU.ActiveCfg = Debug|Any CPU
		{6D44D62A-1859-4252-B7F4-64513E418859}.Debug|Any CPU.Build.0 = Debug|Any CPU
		{6D44D62A-1859-4252-B7F4-64513E418859}.Release|Any CPU.ActiveCfg = Release|Any CPU
		{6D44D62A-1859-4252-B7F4-64513E418859}.Release|Any CPU.Build.0 = Release|Any CPU
		{40CF69E5-4D7B-4278-AF9C-29BB4972D728}.Debug|Any CPU.ActiveCfg = Debug|Any CPU
		{40CF69E5-4D7B-4278-AF9C-29BB4972D728}.Debug|Any CPU.Build.0 = Debug|Any CPU
		{40CF69E5-4D7B-4278-AF9C-29BB4972D728}.Release|Any CPU.ActiveCfg = Release|Any CPU
		{40CF69E5-4D7B-4278-AF9C-29BB4972D728}.Release|Any CPU.Build.0 = Release|Any CPU
		{5C2FA5C3-4F6D-4400-8C14-223477820630}.Debug|Any CPU.ActiveCfg = Debug|Any CPU
		{5C2FA5C3-4F6D-4400-8C14-223477820630}.Debug|Any CPU.Build.0 = Debug|Any CPU
		{5C2FA5C3-4F6D-4400-8C14-223477820630}.Release|Any CPU.ActiveCfg = Release|Any CPU
		{5C2FA5C3-4F6D-4400-8C14-223477820630}.Release|Any CPU.Build.0 = Release|Any CPU
		{CAD94CF5-1C89-4302-80CF-BDAADBB21A07}.Debug|Any CPU.ActiveCfg = Debug|Any CPU
		{CAD94CF5-1C89-4302-80CF-BDAADBB21A07}.Debug|Any CPU.Build.0 = Debug|Any CPU
		{CAD94CF5-1C89-4302-80CF-BDAADBB21A07}.Release|Any CPU.ActiveCfg = Release|Any CPU
		{CAD94CF5-1C89-4302-80CF-BDAADBB21A07}.Release|Any CPU.Build.0 = Release|Any CPU
		{D112CB86-7DE5-46D9-91E9-43732F31C3AD}.Debug|Any CPU.ActiveCfg = Debug|Any CPU
		{D112CB86-7DE5-46D9-91E9-43732F31C3AD}.Debug|Any CPU.Build.0 = Debug|Any CPU
		{D112CB86-7DE5-46D9-91E9-43732F31C3AD}.Release|Any CPU.ActiveCfg = Release|Any CPU
		{D112CB86-7DE5-46D9-91E9-43732F31C3AD}.Release|Any CPU.Build.0 = Release|Any CPU
		{FF97041A-9C6C-4D89-BECF-120A82C44050}.Debug|Any CPU.ActiveCfg = Debug|Any CPU
		{FF97041A-9C6C-4D89-BECF-120A82C44050}.Debug|Any CPU.Build.0 = Debug|Any CPU
		{FF97041A-9C6C-4D89-BECF-120A82C44050}.Release|Any CPU.ActiveCfg = Release|Any CPU
		{FF97041A-9C6C-4D89-BECF-120A82C44050}.Release|Any CPU.Build.0 = Release|Any CPU
		{66561488-A8D7-421F-9E78-6FB1AF6E6E5B}.Debug|Any CPU.ActiveCfg = Debug|Any CPU
		{66561488-A8D7-421F-9E78-6FB1AF6E6E5B}.Debug|Any CPU.Build.0 = Debug|Any CPU
		{66561488-A8D7-421F-9E78-6FB1AF6E6E5B}.Release|Any CPU.ActiveCfg = Release|Any CPU
		{66561488-A8D7-421F-9E78-6FB1AF6E6E5B}.Release|Any CPU.Build.0 = Release|Any CPU
		{08295E82-D08B-42FF-A568-6A645618F49E}.Debug|Any CPU.ActiveCfg = Debug|Any CPU
		{08295E82-D08B-42FF-A568-6A645618F49E}.Debug|Any CPU.Build.0 = Debug|Any CPU
		{08295E82-D08B-42FF-A568-6A645618F49E}.Release|Any CPU.ActiveCfg = Release|Any CPU
		{08295E82-D08B-42FF-A568-6A645618F49E}.Release|Any CPU.Build.0 = Release|Any CPU
	EndGlobalSection
	GlobalSection(SolutionProperties) = preSolution
		HideSolutionNode = FALSE
	EndGlobalSection
	GlobalSection(NestedProjects) = preSolution
		{A378B581-A9B5-4C43-8D75-7ABC1C93AA34} = {3C961FB7-81D4-43CD-B058-46798E4EC034}
		{7C84697C-A46A-4DD4-947D-7BF799E59457} = {2039141E-F4F7-4D47-B6B7-B949AFF2499E}
		{F040E526-49A8-4DAE-8B48-31568DD9DCB1} = {3C961FB7-81D4-43CD-B058-46798E4EC034}
		{DF8934C7-06B5-4567-9EB5-0E6A79C345B3} = {3C961FB7-81D4-43CD-B058-46798E4EC034}
		{6D44D62A-1859-4252-B7F4-64513E418859} = {23B14940-C30D-4E51-9FC3-DC4FA1145329}
		{40CF69E5-4D7B-4278-AF9C-29BB4972D728} = {5FD6D73B-78A3-4F5B-9FBC-91108623DE92}
		{5C2FA5C3-4F6D-4400-8C14-223477820630} = {FA8F4CDC-FA9B-41B5-A3A2-2E715D022F77}
		{CAD94CF5-1C89-4302-80CF-BDAADBB21A07} = {3C961FB7-81D4-43CD-B058-46798E4EC034}
		{D112CB86-7DE5-46D9-91E9-43732F31C3AD} = {A434D2CE-9A80-46F6-BAE2-124CD9E2B163}
		{FF97041A-9C6C-4D89-BECF-120A82C44050} = {80644C5A-6B71-4EDB-974C-20AD3F6D9265}
		{66561488-A8D7-421F-9E78-6FB1AF6E6E5B} = {4A193E8B-30C7-4F6C-9959-362A27E464E3}
		{08295E82-D08B-42FF-A568-6A645618F49E} = {D428BAC5-9DE6-497F-B8CB-1131A45299E1}
	EndGlobalSection
	GlobalSection(ExtensibilityGlobals) = postSolution
		SolutionGuid = {163361C8-A486-46EC-B655-20545165412C}
	EndGlobalSection
EndGlobal
